// !$*UTF8*$!
{
	archiveVersion = 1;
	classes = {
	};
	objectVersion = 50;
	objects = {

/* Begin PBXBuildFile section */
		A8E120DD26A0CF2B00FA26BB /* AppDelegate.swift in Sources */ = {isa = PBXBuildFile; fileRef = A8E120DC26A0CF2B00FA26BB /* AppDelegate.swift */; };
		A8E120DF26A0CF2B00FA26BB /* SceneDelegate.swift in Sources */ = {isa = PBXBuildFile; fileRef = A8E120DE26A0CF2B00FA26BB /* SceneDelegate.swift */; };
		A8E120E126A0CF2B00FA26BB /* ViewController.swift in Sources */ = {isa = PBXBuildFile; fileRef = A8E120E026A0CF2B00FA26BB /* ViewController.swift */; };
		A8E120E426A0CF2B00FA26BB /* Main.storyboard in Resources */ = {isa = PBXBuildFile; fileRef = A8E120E226A0CF2B00FA26BB /* Main.storyboard */; };
		A8E120E726A0CF2B00FA26BB /* MiniProject2.xcdatamodeld in Sources */ = {isa = PBXBuildFile; fileRef = A8E120E526A0CF2B00FA26BB /* MiniProject2.xcdatamodeld */; };
		A8E120E926A0CF2C00FA26BB /* Assets.xcassets in Resources */ = {isa = PBXBuildFile; fileRef = A8E120E826A0CF2C00FA26BB /* Assets.xcassets */; };
		A8E120EC26A0CF2C00FA26BB /* LaunchScreen.storyboard in Resources */ = {isa = PBXBuildFile; fileRef = A8E120EA26A0CF2C00FA26BB /* LaunchScreen.storyboard */; };
		A8E120F726A0CF2C00FA26BB /* MiniProject2Tests.swift in Sources */ = {isa = PBXBuildFile; fileRef = A8E120F626A0CF2C00FA26BB /* MiniProject2Tests.swift */; };
		A8E1210226A0CF2C00FA26BB /* MiniProject2UITests.swift in Sources */ = {isa = PBXBuildFile; fileRef = A8E1210126A0CF2C00FA26BB /* MiniProject2UITests.swift */; };
		A8FC10EF26A114D80005A319 /* UIViewController.swift in Sources */ = {isa = PBXBuildFile; fileRef = A8FC10EE26A114D80005A319 /* UIViewController.swift */; };
/* End PBXBuildFile section */

/* Begin PBXContainerItemProxy section */
		A8E120F326A0CF2C00FA26BB /* PBXContainerItemProxy */ = {
			isa = PBXContainerItemProxy;
			containerPortal = A8E120D126A0CF2B00FA26BB /* Project object */;
			proxyType = 1;
			remoteGlobalIDString = A8E120D826A0CF2B00FA26BB;
			remoteInfo = MiniProject2;
		};
		A8E120FE26A0CF2C00FA26BB /* PBXContainerItemProxy */ = {
			isa = PBXContainerItemProxy;
			containerPortal = A8E120D126A0CF2B00FA26BB /* Project object */;
			proxyType = 1;
			remoteGlobalIDString = A8E120D826A0CF2B00FA26BB;
			remoteInfo = MiniProject2;
		};
/* End PBXContainerItemProxy section */

/* Begin PBXFileReference section */
		A8E120D926A0CF2B00FA26BB /* MiniProject2.app */ = {isa = PBXFileReference; explicitFileType = wrapper.application; includeInIndex = 0; path = MiniProject2.app; sourceTree = BUILT_PRODUCTS_DIR; };
		A8E120DC26A0CF2B00FA26BB /* AppDelegate.swift */ = {isa = PBXFileReference; lastKnownFileType = sourcecode.swift; path = AppDelegate.swift; sourceTree = "<group>"; };
		A8E120DE26A0CF2B00FA26BB /* SceneDelegate.swift */ = {isa = PBXFileReference; lastKnownFileType = sourcecode.swift; path = SceneDelegate.swift; sourceTree = "<group>"; };
		A8E120E026A0CF2B00FA26BB /* ViewController.swift */ = {isa = PBXFileReference; lastKnownFileType = sourcecode.swift; path = ViewController.swift; sourceTree = "<group>"; };
		A8E120E326A0CF2B00FA26BB /* Base */ = {isa = PBXFileReference; lastKnownFileType = file.storyboard; name = Base; path = Base.lproj/Main.storyboard; sourceTree = "<group>"; };
		A8E120E626A0CF2B00FA26BB /* MiniProject2.xcdatamodel */ = {isa = PBXFileReference; lastKnownFileType = wrapper.xcdatamodel; path = MiniProject2.xcdatamodel; sourceTree = "<group>"; };
		A8E120E826A0CF2C00FA26BB /* Assets.xcassets */ = {isa = PBXFileReference; lastKnownFileType = folder.assetcatalog; path = Assets.xcassets; sourceTree = "<group>"; };
		A8E120EB26A0CF2C00FA26BB /* Base */ = {isa = PBXFileReference; lastKnownFileType = file.storyboard; name = Base; path = Base.lproj/LaunchScreen.storyboard; sourceTree = "<group>"; };
		A8E120ED26A0CF2C00FA26BB /* Info.plist */ = {isa = PBXFileReference; lastKnownFileType = text.plist.xml; path = Info.plist; sourceTree = "<group>"; };
		A8E120F226A0CF2C00FA26BB /* MiniProject2Tests.xctest */ = {isa = PBXFileReference; explicitFileType = wrapper.cfbundle; includeInIndex = 0; path = MiniProject2Tests.xctest; sourceTree = BUILT_PRODUCTS_DIR; };
		A8E120F626A0CF2C00FA26BB /* MiniProject2Tests.swift */ = {isa = PBXFileReference; lastKnownFileType = sourcecode.swift; path = MiniProject2Tests.swift; sourceTree = "<group>"; };
		A8E120F826A0CF2C00FA26BB /* Info.plist */ = {isa = PBXFileReference; lastKnownFileType = text.plist.xml; path = Info.plist; sourceTree = "<group>"; };
		A8E120FD26A0CF2C00FA26BB /* MiniProject2UITests.xctest */ = {isa = PBXFileReference; explicitFileType = wrapper.cfbundle; includeInIndex = 0; path = MiniProject2UITests.xctest; sourceTree = BUILT_PRODUCTS_DIR; };
		A8E1210126A0CF2C00FA26BB /* MiniProject2UITests.swift */ = {isa = PBXFileReference; lastKnownFileType = sourcecode.swift; path = MiniProject2UITests.swift; sourceTree = "<group>"; };
		A8E1210326A0CF2C00FA26BB /* Info.plist */ = {isa = PBXFileReference; lastKnownFileType = text.plist.xml; path = Info.plist; sourceTree = "<group>"; };
		A8FC10EE26A114D80005A319 /* UIViewController.swift */ = {isa = PBXFileReference; lastKnownFileType = sourcecode.swift; path = UIViewController.swift; sourceTree = "<group>"; };
/* End PBXFileReference section */

/* Begin PBXFrameworksBuildPhase section */
		A8E120D626A0CF2B00FA26BB /* Frameworks */ = {
			isa = PBXFrameworksBuildPhase;
			buildActionMask = 2147483647;
			files = (
			);
			runOnlyForDeploymentPostprocessing = 0;
		};
		A8E120EF26A0CF2C00FA26BB /* Frameworks */ = {
			isa = PBXFrameworksBuildPhase;
			buildActionMask = 2147483647;
			files = (
			);
			runOnlyForDeploymentPostprocessing = 0;
		};
		A8E120FA26A0CF2C00FA26BB /* Frameworks */ = {
			isa = PBXFrameworksBuildPhase;
			buildActionMask = 2147483647;
			files = (
			);
			runOnlyForDeploymentPostprocessing = 0;
		};
/* End PBXFrameworksBuildPhase section */

/* Begin PBXGroup section */
		A8E120D026A0CF2B00FA26BB = {
			isa = PBXGroup;
			children = (
				A8E120DB26A0CF2B00FA26BB /* MiniProject2 */,
				A8E120F526A0CF2C00FA26BB /* MiniProject2Tests */,
				A8E1210026A0CF2C00FA26BB /* MiniProject2UITests */,
				A8E120DA26A0CF2B00FA26BB /* Products */,
			);
			sourceTree = "<group>";
		};
		A8E120DA26A0CF2B00FA26BB /* Products */ = {
			isa = PBXGroup;
			children = (
				A8E120D926A0CF2B00FA26BB /* MiniProject2.app */,
				A8E120F226A0CF2C00FA26BB /* MiniProject2Tests.xctest */,
				A8E120FD26A0CF2C00FA26BB /* MiniProject2UITests.xctest */,
			);
			name = Products;
			sourceTree = "<group>";
		};
		A8E120DB26A0CF2B00FA26BB /* MiniProject2 */ = {
			isa = PBXGroup;
			children = (
				A8FC10EE26A114D80005A319 /* UIViewController.swift */,
				A8E120DC26A0CF2B00FA26BB /* AppDelegate.swift */,
				A8E120DE26A0CF2B00FA26BB /* SceneDelegate.swift */,
				A8E120E026A0CF2B00FA26BB /* ViewController.swift */,
				A8E120E226A0CF2B00FA26BB /* Main.storyboard */,
				A8E120E826A0CF2C00FA26BB /* Assets.xcassets */,
				A8E120EA26A0CF2C00FA26BB /* LaunchScreen.storyboard */,
				A8E120ED26A0CF2C00FA26BB /* Info.plist */,
				A8E120E526A0CF2B00FA26BB /* MiniProject2.xcdatamodeld */,
			);
			path = MiniProject2;
			sourceTree = "<group>";
		};
		A8E120F526A0CF2C00FA26BB /* MiniProject2Tests */ = {
			isa = PBXGroup;
			children = (
				A8E120F626A0CF2C00FA26BB /* MiniProject2Tests.swift */,
				A8E120F826A0CF2C00FA26BB /* Info.plist */,
			);
			path = MiniProject2Tests;
			sourceTree = "<group>";
		};
		A8E1210026A0CF2C00FA26BB /* MiniProject2UITests */ = {
			isa = PBXGroup;
			children = (
				A8E1210126A0CF2C00FA26BB /* MiniProject2UITests.swift */,
				A8E1210326A0CF2C00FA26BB /* Info.plist */,
			);
			path = MiniProject2UITests;
			sourceTree = "<group>";
		};
/* End PBXGroup section */

/* Begin PBXNativeTarget section */
		A8E120D826A0CF2B00FA26BB /* MiniProject2 */ = {
			isa = PBXNativeTarget;
			buildConfigurationList = A8E1210626A0CF2C00FA26BB /* Build configuration list for PBXNativeTarget "MiniProject2" */;
			buildPhases = (
				A8E120D526A0CF2B00FA26BB /* Sources */,
				A8E120D626A0CF2B00FA26BB /* Frameworks */,
				A8E120D726A0CF2B00FA26BB /* Resources */,
			);
			buildRules = (
			);
			dependencies = (
			);
			name = MiniProject2;
			productName = MiniProject2;
			productReference = A8E120D926A0CF2B00FA26BB /* MiniProject2.app */;
			productType = "com.apple.product-type.application";
		};
		A8E120F126A0CF2C00FA26BB /* MiniProject2Tests */ = {
			isa = PBXNativeTarget;
			buildConfigurationList = A8E1210926A0CF2C00FA26BB /* Build configuration list for PBXNativeTarget "MiniProject2Tests" */;
			buildPhases = (
				A8E120EE26A0CF2C00FA26BB /* Sources */,
				A8E120EF26A0CF2C00FA26BB /* Frameworks */,
				A8E120F026A0CF2C00FA26BB /* Resources */,
			);
			buildRules = (
			);
			dependencies = (
				A8E120F426A0CF2C00FA26BB /* PBXTargetDependency */,
			);
			name = MiniProject2Tests;
			productName = MiniProject2Tests;
			productReference = A8E120F226A0CF2C00FA26BB /* MiniProject2Tests.xctest */;
			productType = "com.apple.product-type.bundle.unit-test";
		};
		A8E120FC26A0CF2C00FA26BB /* MiniProject2UITests */ = {
			isa = PBXNativeTarget;
			buildConfigurationList = A8E1210C26A0CF2C00FA26BB /* Build configuration list for PBXNativeTarget "MiniProject2UITests" */;
			buildPhases = (
				A8E120F926A0CF2C00FA26BB /* Sources */,
				A8E120FA26A0CF2C00FA26BB /* Frameworks */,
				A8E120FB26A0CF2C00FA26BB /* Resources */,
			);
			buildRules = (
			);
			dependencies = (
				A8E120FF26A0CF2C00FA26BB /* PBXTargetDependency */,
			);
			name = MiniProject2UITests;
			productName = MiniProject2UITests;
			productReference = A8E120FD26A0CF2C00FA26BB /* MiniProject2UITests.xctest */;
			productType = "com.apple.product-type.bundle.ui-testing";
		};
/* End PBXNativeTarget section */

/* Begin PBXProject section */
		A8E120D126A0CF2B00FA26BB /* Project object */ = {
			isa = PBXProject;
			attributes = {
				LastSwiftUpdateCheck = 1250;
				LastUpgradeCheck = 1250;
				TargetAttributes = {
					A8E120D826A0CF2B00FA26BB = {
						CreatedOnToolsVersion = 12.5;
					};
					A8E120F126A0CF2C00FA26BB = {
						CreatedOnToolsVersion = 12.5;
						TestTargetID = A8E120D826A0CF2B00FA26BB;
					};
					A8E120FC26A0CF2C00FA26BB = {
						CreatedOnToolsVersion = 12.5;
						TestTargetID = A8E120D826A0CF2B00FA26BB;
					};
				};
			};
			buildConfigurationList = A8E120D426A0CF2B00FA26BB /* Build configuration list for PBXProject "MiniProject2" */;
			compatibilityVersion = "Xcode 9.3";
			developmentRegion = en;
			hasScannedForEncodings = 0;
			knownRegions = (
				en,
				Base,
			);
			mainGroup = A8E120D026A0CF2B00FA26BB;
			productRefGroup = A8E120DA26A0CF2B00FA26BB /* Products */;
			projectDirPath = "";
			projectRoot = "";
			targets = (
				A8E120D826A0CF2B00FA26BB /* MiniProject2 */,
				A8E120F126A0CF2C00FA26BB /* MiniProject2Tests */,
				A8E120FC26A0CF2C00FA26BB /* MiniProject2UITests */,
			);
		};
/* End PBXProject section */

/* Begin PBXResourcesBuildPhase section */
		A8E120D726A0CF2B00FA26BB /* Resources */ = {
			isa = PBXResourcesBuildPhase;
			buildActionMask = 2147483647;
			files = (
				A8E120EC26A0CF2C00FA26BB /* LaunchScreen.storyboard in Resources */,
				A8E120E926A0CF2C00FA26BB /* Assets.xcassets in Resources */,
				A8E120E426A0CF2B00FA26BB /* Main.storyboard in Resources */,
			);
			runOnlyForDeploymentPostprocessing = 0;
		};
		A8E120F026A0CF2C00FA26BB /* Resources */ = {
			isa = PBXResourcesBuildPhase;
			buildActionMask = 2147483647;
			files = (
			);
			runOnlyForDeploymentPostprocessing = 0;
		};
		A8E120FB26A0CF2C00FA26BB /* Resources */ = {
			isa = PBXResourcesBuildPhase;
			buildActionMask = 2147483647;
			files = (
			);
			runOnlyForDeploymentPostprocessing = 0;
		};
/* End PBXResourcesBuildPhase section */

/* Begin PBXSourcesBuildPhase section */
		A8E120D526A0CF2B00FA26BB /* Sources */ = {
			isa = PBXSourcesBuildPhase;
			buildActionMask = 2147483647;
			files = (
				A8E120E126A0CF2B00FA26BB /* ViewController.swift in Sources */,
				A8E120DD26A0CF2B00FA26BB /* AppDelegate.swift in Sources */,
				A8E120DF26A0CF2B00FA26BB /* SceneDelegate.swift in Sources */,
				A8E120E726A0CF2B00FA26BB /* MiniProject2.xcdatamodeld in Sources */,
				A8FC10EF26A114D80005A319 /* UIViewController.swift in Sources */,
			);
			runOnlyForDeploymentPostprocessing = 0;
		};
		A8E120EE26A0CF2C00FA26BB /* Sources */ = {
			isa = PBXSourcesBuildPhase;
			buildActionMask = 2147483647;
			files = (
				A8E120F726A0CF2C00FA26BB /* MiniProject2Tests.swift in Sources */,
			);
			runOnlyForDeploymentPostprocessing = 0;
		};
		A8E120F926A0CF2C00FA26BB /* Sources */ = {
			isa = PBXSourcesBuildPhase;
			buildActionMask = 2147483647;
			files = (
				A8E1210226A0CF2C00FA26BB /* MiniProject2UITests.swift in Sources */,
			);
			runOnlyForDeploymentPostprocessing = 0;
		};
/* End PBXSourcesBuildPhase section */

/* Begin PBXTargetDependency section */
		A8E120F426A0CF2C00FA26BB /* PBXTargetDependency */ = {
			isa = PBXTargetDependency;
			target = A8E120D826A0CF2B00FA26BB /* MiniProject2 */;
			targetProxy = A8E120F326A0CF2C00FA26BB /* PBXContainerItemProxy */;
		};
		A8E120FF26A0CF2C00FA26BB /* PBXTargetDependency */ = {
			isa = PBXTargetDependency;
			target = A8E120D826A0CF2B00FA26BB /* MiniProject2 */;
			targetProxy = A8E120FE26A0CF2C00FA26BB /* PBXContainerItemProxy */;
		};
/* End PBXTargetDependency section */

/* Begin PBXVariantGroup section */
		A8E120E226A0CF2B00FA26BB /* Main.storyboard */ = {
			isa = PBXVariantGroup;
			children = (
				A8E120E326A0CF2B00FA26BB /* Base */,
			);
			name = Main.storyboard;
			sourceTree = "<group>";
		};
		A8E120EA26A0CF2C00FA26BB /* LaunchScreen.storyboard */ = {
			isa = PBXVariantGroup;
			children = (
				A8E120EB26A0CF2C00FA26BB /* Base */,
			);
			name = LaunchScreen.storyboard;
			sourceTree = "<group>";
		};
/* End PBXVariantGroup section */

/* Begin XCBuildConfiguration section */
		A8E1210426A0CF2C00FA26BB /* Debug */ = {
			isa = XCBuildConfiguration;
			buildSettings = {
				ALWAYS_SEARCH_USER_PATHS = NO;
				CLANG_ANALYZER_NONNULL = YES;
				CLANG_ANALYZER_NUMBER_OBJECT_CONVERSION = YES_AGGRESSIVE;
				CLANG_CXX_LANGUAGE_STANDARD = "gnu++14";
				CLANG_CXX_LIBRARY = "libc++";
				CLANG_ENABLE_MODULES = YES;
				CLANG_ENABLE_OBJC_ARC = YES;
				CLANG_ENABLE_OBJC_WEAK = YES;
				CLANG_WARN_BLOCK_CAPTURE_AUTORELEASING = YES;
				CLANG_WARN_BOOL_CONVERSION = YES;
				CLANG_WARN_COMMA = YES;
				CLANG_WARN_CONSTANT_CONVERSION = YES;
				CLANG_WARN_DEPRECATED_OBJC_IMPLEMENTATIONS = YES;
				CLANG_WARN_DIRECT_OBJC_ISA_USAGE = YES_ERROR;
				CLANG_WARN_DOCUMENTATION_COMMENTS = YES;
				CLANG_WARN_EMPTY_BODY = YES;
				CLANG_WARN_ENUM_CONVERSION = YES;
				CLANG_WARN_INFINITE_RECURSION = YES;
				CLANG_WARN_INT_CONVERSION = YES;
				CLANG_WARN_NON_LITERAL_NULL_CONVERSION = YES;
				CLANG_WARN_OBJC_IMPLICIT_RETAIN_SELF = YES;
				CLANG_WARN_OBJC_LITERAL_CONVERSION = YES;
				CLANG_WARN_OBJC_ROOT_CLASS = YES_ERROR;
				CLANG_WARN_QUOTED_INCLUDE_IN_FRAMEWORK_HEADER = YES;
				CLANG_WARN_RANGE_LOOP_ANALYSIS = YES;
				CLANG_WARN_STRICT_PROTOTYPES = YES;
				CLANG_WARN_SUSPICIOUS_MOVE = YES;
				CLANG_WARN_UNGUARDED_AVAILABILITY = YES_AGGRESSIVE;
				CLANG_WARN_UNREACHABLE_CODE = YES;
				CLANG_WARN__DUPLICATE_METHOD_MATCH = YES;
				COPY_PHASE_STRIP = NO;
				DEBUG_INFORMATION_FORMAT = dwarf;
				ENABLE_STRICT_OBJC_MSGSEND = YES;
				ENABLE_TESTABILITY = YES;
				GCC_C_LANGUAGE_STANDARD = gnu11;
				GCC_DYNAMIC_NO_PIC = NO;
				GCC_NO_COMMON_BLOCKS = YES;
				GCC_OPTIMIZATION_LEVEL = 0;
				GCC_PREPROCESSOR_DEFINITIONS = (
					"DEBUG=1",
					"$(inherited)",
				);
				GCC_WARN_64_TO_32_BIT_CONVERSION = YES;
				GCC_WARN_ABOUT_RETURN_TYPE = YES_ERROR;
				GCC_WARN_UNDECLARED_SELECTOR = YES;
				GCC_WARN_UNINITIALIZED_AUTOS = YES_AGGRESSIVE;
				GCC_WARN_UNUSED_FUNCTION = YES;
				GCC_WARN_UNUSED_VARIABLE = YES;
				IPHONEOS_DEPLOYMENT_TARGET = 14.5;
				MTL_ENABLE_DEBUG_INFO = INCLUDE_SOURCE;
				MTL_FAST_MATH = YES;
				ONLY_ACTIVE_ARCH = YES;
				SDKROOT = iphoneos;
				SWIFT_ACTIVE_COMPILATION_CONDITIONS = DEBUG;
				SWIFT_OPTIMIZATION_LEVEL = "-Onone";
			};
			name = Debug;
		};
		A8E1210526A0CF2C00FA26BB /* Release */ = {
			isa = XCBuildConfiguration;
			buildSettings = {
				ALWAYS_SEARCH_USER_PATHS = NO;
				CLANG_ANALYZER_NONNULL = YES;
				CLANG_ANALYZER_NUMBER_OBJECT_CONVERSION = YES_AGGRESSIVE;
				CLANG_CXX_LANGUAGE_STANDARD = "gnu++14";
				CLANG_CXX_LIBRARY = "libc++";
				CLANG_ENABLE_MODULES = YES;
				CLANG_ENABLE_OBJC_ARC = YES;
				CLANG_ENABLE_OBJC_WEAK = YES;
				CLANG_WARN_BLOCK_CAPTURE_AUTORELEASING = YES;
				CLANG_WARN_BOOL_CONVERSION = YES;
				CLANG_WARN_COMMA = YES;
				CLANG_WARN_CONSTANT_CONVERSION = YES;
				CLANG_WARN_DEPRECATED_OBJC_IMPLEMENTATIONS = YES;
				CLANG_WARN_DIRECT_OBJC_ISA_USAGE = YES_ERROR;
				CLANG_WARN_DOCUMENTATION_COMMENTS = YES;
				CLANG_WARN_EMPTY_BODY = YES;
				CLANG_WARN_ENUM_CONVERSION = YES;
				CLANG_WARN_INFINITE_RECURSION = YES;
				CLANG_WARN_INT_CONVERSION = YES;
				CLANG_WARN_NON_LITERAL_NULL_CONVERSION = YES;
				CLANG_WARN_OBJC_IMPLICIT_RETAIN_SELF = YES;
				CLANG_WARN_OBJC_LITERAL_CONVERSION = YES;
				CLANG_WARN_OBJC_ROOT_CLASS = YES_ERROR;
				CLANG_WARN_QUOTED_INCLUDE_IN_FRAMEWORK_HEADER = YES;
				CLANG_WARN_RANGE_LOOP_ANALYSIS = YES;
				CLANG_WARN_STRICT_PROTOTYPES = YES;
				CLANG_WARN_SUSPICIOUS_MOVE = YES;
				CLANG_WARN_UNGUARDED_AVAILABILITY = YES_AGGRESSIVE;
				CLANG_WARN_UNREACHABLE_CODE = YES;
				CLANG_WARN__DUPLICATE_METHOD_MATCH = YES;
				COPY_PHASE_STRIP = NO;
				DEBUG_INFORMATION_FORMAT = "dwarf-with-dsym";
				ENABLE_NS_ASSERTIONS = NO;
				ENABLE_STRICT_OBJC_MSGSEND = YES;
				GCC_C_LANGUAGE_STANDARD = gnu11;
				GCC_NO_COMMON_BLOCKS = YES;
				GCC_WARN_64_TO_32_BIT_CONVERSION = YES;
				GCC_WARN_ABOUT_RETURN_TYPE = YES_ERROR;
				GCC_WARN_UNDECLARED_SELECTOR = YES;
				GCC_WARN_UNINITIALIZED_AUTOS = YES_AGGRESSIVE;
				GCC_WARN_UNUSED_FUNCTION = YES;
				GCC_WARN_UNUSED_VARIABLE = YES;
				IPHONEOS_DEPLOYMENT_TARGET = 14.5;
				MTL_ENABLE_DEBUG_INFO = NO;
				MTL_FAST_MATH = YES;
				SDKROOT = iphoneos;
				SWIFT_COMPILATION_MODE = wholemodule;
				SWIFT_OPTIMIZATION_LEVEL = "-O";
				VALIDATE_PRODUCT = YES;
			};
			name = Release;
		};
		A8E1210726A0CF2C00FA26BB /* Debug */ = {
			isa = XCBuildConfiguration;
			buildSettings = {
				ASSETCATALOG_COMPILER_APPICON_NAME = AppIcon;
				ASSETCATALOG_COMPILER_GLOBAL_ACCENT_COLOR_NAME = AccentColor;
				CODE_SIGN_STYLE = Automatic;
				INFOPLIST_FILE = MiniProject2/Info.plist;
				LD_RUNPATH_SEARCH_PATHS = (
					"$(inherited)",
					"@executable_path/Frameworks",
				);
				PRODUCT_BUNDLE_IDENTIFIER = "kwk-2021.MiniProject2";
				PRODUCT_NAME = "$(TARGET_NAME)";
				SWIFT_VERSION = 5.0;
				TARGETED_DEVICE_FAMILY = "1,2";
			};
			name = Debug;
		};
		A8E1210826A0CF2C00FA26BB /* Release */ = {
			isa = XCBuildConfiguration;
			buildSettings = {
				ASSETCATALOG_COMPILER_APPICON_NAME = AppIcon;
				ASSETCATALOG_COMPILER_GLOBAL_ACCENT_COLOR_NAME = AccentColor;
				CODE_SIGN_STYLE = Automatic;
				INFOPLIST_FILE = MiniProject2/Info.plist;
				LD_RUNPATH_SEARCH_PATHS = (
					"$(inherited)",
					"@executable_path/Frameworks",
				);
				PRODUCT_BUNDLE_IDENTIFIER = "kwk-2021.MiniProject2";
				PRODUCT_NAME = "$(TARGET_NAME)";
				SWIFT_VERSION = 5.0;
				TARGETED_DEVICE_FAMILY = "1,2";
			};
			name = Release;
		};
		A8E1210A26A0CF2C00FA26BB /* Debug */ = {
			isa = XCBuildConfiguration;
			buildSettings = {
				ALWAYS_EMBED_SWIFT_STANDARD_LIBRARIES = YES;
				BUNDLE_LOADER = "$(TEST_HOST)";
				CODE_SIGN_STYLE = Automatic;
				INFOPLIST_FILE = MiniProject2Tests/Info.plist;
				IPHONEOS_DEPLOYMENT_TARGET = 14.5;
				LD_RUNPATH_SEARCH_PATHS = (
					"$(inherited)",
					"@executable_path/Frameworks",
					"@loader_path/Frameworks",
				);
				PRODUCT_BUNDLE_IDENTIFIER = "kwk-2021.MiniProject2Tests";
				PRODUCT_NAME = "$(TARGET_NAME)";
				SWIFT_VERSION = 5.0;
				TARGETED_DEVICE_FAMILY = "1,2";
				TEST_HOST = "$(BUILT_PRODUCTS_DIR)/MiniProject2.app/MiniProject2";
			};
			name = Debug;
		};
		A8E1210B26A0CF2C00FA26BB /* Release */ = {
			isa = XCBuildConfiguration;
			buildSettings = {
				ALWAYS_EMBED_SWIFT_STANDARD_LIBRARIES = YES;
				BUNDLE_LOADER = "$(TEST_HOST)";
				CODE_SIGN_STYLE = Automatic;
				INFOPLIST_FILE = MiniProject2Tests/Info.plist;
				IPHONEOS_DEPLOYMENT_TARGET = 14.5;
				LD_RUNPATH_SEARCH_PATHS = (
					"$(inherited)",
					"@executable_path/Frameworks",
					"@loader_path/Frameworks",
				);
				PRODUCT_BUNDLE_IDENTIFIER = "kwk-2021.MiniProject2Tests";
				PRODUCT_NAME = "$(TARGET_NAME)";
				SWIFT_VERSION = 5.0;
				TARGETED_DEVICE_FAMILY = "1,2";
				TEST_HOST = "$(BUILT_PRODUCTS_DIR)/MiniProject2.app/MiniProject2";
			};
			name = Release;
		};
		A8E1210D26A0CF2C00FA26BB /* Debug */ = {
			isa = XCBuildConfiguration;
			buildSettings = {
				ALWAYS_EMBED_SWIFT_STANDARD_LIBRARIES = YES;
				CODE_SIGN_STYLE = Automatic;
				INFOPLIST_FILE = MiniProject2UITests/Info.plist;
				LD_RUNPATH_SEARCH_PATHS = (
					"$(inherited)",
					"@executable_path/Frameworks",
					"@loader_path/Frameworks",
				);
				PRODUCT_BUNDLE_IDENTIFIER = "kwk-2021.MiniProject2UITests";
				PRODUCT_NAME = "$(TARGET_NAME)";
				SWIFT_VERSION = 5.0;
				TARGETED_DEVICE_FAMILY = "1,2";
				TEST_TARGET_NAME = MiniProject2;
			};
			name = Debug;
		};
		A8E1210E26A0CF2C00FA26BB /* Release */ = {
			isa = XCBuildConfiguration;
			buildSettings = {
				ALWAYS_EMBED_SWIFT_STANDARD_LIBRARIES = YES;
				CODE_SIGN_STYLE = Automatic;
				INFOPLIST_FILE = MiniProject2UITests/Info.plist;
				LD_RUNPATH_SEARCH_PATHS = (
					"$(inherited)",
					"@executable_path/Frameworks",
					"@loader_path/Frameworks",
				);
				PRODUCT_BUNDLE_IDENTIFIER = "kwk-2021.MiniProject2UITests";
				PRODUCT_NAME = "$(TARGET_NAME)";
				SWIFT_VERSION = 5.0;
				TARGETED_DEVICE_FAMILY = "1,2";
				TEST_TARGET_NAME = MiniProject2;
			};
			name = Release;
		};
/* End XCBuildConfiguration section */

/* Begin XCConfigurationList section */
		A8E120D426A0CF2B00FA26BB /* Build configuration list for PBXProject "MiniProject2" */ = {
			isa = XCConfigurationList;
			buildConfigurations = (
				A8E1210426A0CF2C00FA26BB /* Debug */,
				A8E1210526A0CF2C00FA26BB /* Release */,
			);
			defaultConfigurationIsVisible = 0;
			defaultConfigurationName = Release;
		};
		A8E1210626A0CF2C00FA26BB /* Build configuration list for PBXNativeTarget "MiniProject2" */ = {
			isa = XCConfigurationList;
			buildConfigurations = (
				A8E1210726A0CF2C00FA26BB /* Debug */,
				A8E1210826A0CF2C00FA26BB /* Release */,
			);
			defaultConfigurationIsVisible = 0;
			defaultConfigurationName = Release;
		};
		A8E1210926A0CF2C00FA26BB /* Build configuration list for PBXNativeTarget "MiniProject2Tests" */ = {
			isa = XCConfigurationList;
			buildConfigurations = (
				A8E1210A26A0CF2C00FA26BB /* Debug */,
				A8E1210B26A0CF2C00FA26BB /* Release */,
			);
			defaultConfigurationIsVisible = 0;
			defaultConfigurationName = Release;
		};
		A8E1210C26A0CF2C00FA26BB /* Build configuration list for PBXNativeTarget "MiniProject2UITests" */ = {
			isa = XCConfigurationList;
			buildConfigurations = (
				A8E1210D26A0CF2C00FA26BB /* Debug */,
				A8E1210E26A0CF2C00FA26BB /* Release */,
			);
			defaultConfigurationIsVisible = 0;
			defaultConfigurationName = Release;
		};
/* End XCConfigurationList section */

/* Begin XCVersionGroup section */
		A8E120E526A0CF2B00FA26BB /* MiniProject2.xcdatamodeld */ = {
			isa = XCVersionGroup;
			children = (
				A8E120E626A0CF2B00FA26BB /* MiniProject2.xcdatamodel */,
			);
			currentVersion = A8E120E626A0CF2B00FA26BB /* MiniProject2.xcdatamodel */;
			path = MiniProject2.xcdatamodeld;
			sourceTree = "<group>";
			versionGroupType = wrapper.xcdatamodel;
		};
/* End XCVersionGroup section */
	};
	rootObject = A8E120D126A0CF2B00FA26BB /* Project object */;
}
